
Microsoft Visual Studio Solution File, Format Version 12.00
# Visual Studio 15
VisualStudioVersion = 15.0.27428.2015
MinimumVisualStudioVersion = 10.0.40219.1
Project("{FAE04EC0-301F-11D3-BF4B-00C04F79EFBC}") = "GitStudy", "GitStudy\GitStudy.csproj", "{048A0361-806D-4A13-B0AC-A1E57F5266BA}"
EndProject
Global
	GlobalSection(SolutionConfigurationPlatforms) = preSolution
		Debug|Any CPU = Debug|Any CPU
		Release|Any CPU = Release|Any CPU
	EndGlobalSection
	GlobalSection(ProjectConfigurationPlatforms) = postSolution
		{048A0361-806D-4A13-B0AC-A1E57F5266BA}.Debug|Any CPU.ActiveCfg = Debug|Any CPU
		{048A0361-806D-4A13-B0AC-A1E57F5266BA}.Debug|Any CPU.Build.0 = Debug|Any CPU
		{048A0361-806D-4A13-B0AC-A1E57F5266BA}.Release|Any CPU.ActiveCfg = Release|Any CPU
		{048A0361-806D-4A13-B0AC-A1E57F5266BA}.Release|Any CPU.Build.0 = Release|Any CPU
	EndGlobalSection
	GlobalSection(SolutionProperties) = preSolution
		HideSolutionNode = FALSE
	EndGlobalSection
	GlobalSection(ExtensibilityGlobals) = postSolution
		SolutionGuid = {78FA17AD-BE6B-4CC4-AD74-DFD2C88A57B7}
	EndGlobalSection
EndGlobal
